{
  "name": "examples",
  "version": "1.0.0",
  "lockfileVersion": 1,
  "requires": true,
  "dependencies": {
    "@types/node": {
      "version": "14.0.23",
      "resolved": "https://registry.npmjs.org/@types/node/-/node-14.0.23.tgz",
      "integrity": "sha512-Z4U8yDAl5TFkmYsZdFPdjeMa57NOvnaf1tljHzhouaPEp7LCj2JKkejpI1ODviIAQuW4CcQmxkQ77rnLsOOoKw=="
    },
    "xxdi": {
      "version": "1.0.1",
      "resolved": "https://npm.pkg.github.com/download/@james-oswald/xxdi/1.0.1/1e325bbe6c33e768af23e44df2d18b5b259553b6b306b51ca66e6759491d3892",
      "integrity": "sha512-iaieK/0cPfp/SS0X/56pvGrnj36rtA+8lE+S/d8YqnHkjLg/5U5ym1+JleZwjFjHmCpXghcw6Xdf3eSLWrZz3g==",
      "requires": {
        "@types/node": "^14.0.22"
      }
    }
  }
}
