{
  "name": "examples",
  "version": "1.0.0",
  "lockfileVersion": 1,
  "requires": true,
  "dependencies": {
    "@types/node": {
      "version": "14.0.23",
      "resolved": "https://registry.npmjs.org/@types/node/-/node-14.0.23.tgz",
      "integrity": "sha512-Z4U8yDAl5TFkmYsZdFPdjeMa57NOvnaf1tljHzhouaPEp7LCj2JKkejpI1ODviIAQuW4CcQmxkQ77rnLsOOoKw=="
    },
    "xxdi": {
      "version": "1.0.3",
      "resolved": "https://npm.pkg.github.com/download/@james-oswald/xxdi/1.0.3/12a203c25d573a4969eb63cbdd9f6e83e24f7257d3169ca8aa37ef05f1c8a1de",
      "integrity": "sha512-eTrGwEUnhqQSbPau7QOruYZLwGrEG4KQPKlveolohHIIf0d1INxD4DkSjS4ondZ8eOqmFox04rUvy961uYZrkA==",
      "requires": {
        "@types/node": "^14.0.22"
      }
    }
  }
}
